
Microsoft Visual Studio Solution File, Format Version 12.00
# Visual Studio 15
VisualStudioVersion = 15.0.26730.12
MinimumVisualStudioVersion = 10.0.40219.1
Project("{FAE04EC0-301F-11D3-BF4B-00C04F79EFBC}") = "Blackjack", "Blackjack\Blackjack.csproj", "{D1C045C1-7E54-4D3E-B1D3-30AD903E4855}"
EndProject
Project("{FAE04EC0-301F-11D3-BF4B-00C04F79EFBC}") = "Blackjack.Tests", "Blackjack.Tests\Blackjack.Tests.csproj", "{59171FB9-4C4C-4196-80D0-233124120A61}"
EndProject
Global
	GlobalSection(SolutionConfigurationPlatforms) = preSolution
		Debug|Any CPU = Debug|Any CPU
		Release|Any CPU = Release|Any CPU
	EndGlobalSection
	GlobalSection(ProjectConfigurationPlatforms) = postSolution
		{D1C045C1-7E54-4D3E-B1D3-30AD903E4855}.Debug|Any CPU.ActiveCfg = Debug|Any CPU
		{D1C045C1-7E54-4D3E-B1D3-30AD903E4855}.Debug|Any CPU.Build.0 = Debug|Any CPU
		{D1C045C1-7E54-4D3E-B1D3-30AD903E4855}.Release|Any CPU.ActiveCfg = Release|Any CPU
		{D1C045C1-7E54-4D3E-B1D3-30AD903E4855}.Release|Any CPU.Build.0 = Release|Any CPU
		{59171FB9-4C4C-4196-80D0-233124120A61}.Debug|Any CPU.ActiveCfg = Debug|Any CPU
		{59171FB9-4C4C-4196-80D0-233124120A61}.Debug|Any CPU.Build.0 = Debug|Any CPU
		{59171FB9-4C4C-4196-80D0-233124120A61}.Release|Any CPU.ActiveCfg = Release|Any CPU
		{59171FB9-4C4C-4196-80D0-233124120A61}.Release|Any CPU.Build.0 = Release|Any CPU
	EndGlobalSection
	GlobalSection(SolutionProperties) = preSolution
		HideSolutionNode = FALSE
	EndGlobalSection
	GlobalSection(ExtensibilityGlobals) = postSolution
		SolutionGuid = {0DC8EC62-5872-4DD9-BC0E-6629E2CEAC77}
	EndGlobalSection
EndGlobal
